
Microsoft Visual Studio Solution File, Format Version 12.00
# Visual Studio Version 16
VisualStudioVersion = 16.0.29905.134
MinimumVisualStudioVersion = 10.0.40219.1
Project("{9A19103F-16F7-4668-BE54-9A1E7A4F7556}") = "SuperMarket.AutomationTest", "SuperMarket.AutomationTest\SuperMarket.AutomationTest.csproj", "{F2BF8FAB-F5AC-4B84-BBDD-8635794D9E30}"
EndProject
Global
	GlobalSection(SolutionConfigurationPlatforms) = preSolution
		Debug|Any CPU = Debug|Any CPU
		Release|Any CPU = Release|Any CPU
	EndGlobalSection
	GlobalSection(ProjectConfigurationPlatforms) = postSolution
		{F2BF8FAB-F5AC-4B84-BBDD-8635794D9E30}.Debug|Any CPU.ActiveCfg = Debug|Any CPU
		{F2BF8FAB-F5AC-4B84-BBDD-8635794D9E30}.Debug|Any CPU.Build.0 = Debug|Any CPU
		{F2BF8FAB-F5AC-4B84-BBDD-8635794D9E30}.Release|Any CPU.ActiveCfg = Release|Any CPU
		{F2BF8FAB-F5AC-4B84-BBDD-8635794D9E30}.Release|Any CPU.Build.0 = Release|Any CPU
	EndGlobalSection
	GlobalSection(SolutionProperties) = preSolution
		HideSolutionNode = FALSE
	EndGlobalSection
	GlobalSection(ExtensibilityGlobals) = postSolution
		SolutionGuid = {2026AC9F-2CE9-440D-9424-C45FD4F109D0}
	EndGlobalSection
EndGlobal
